
Microsoft Visual Studio Solution File, Format Version 12.00
# Visual Studio Version 17
VisualStudioVersion = 17.0.31903.59
MinimumVisualStudioVersion = 10.0.40219.1
Project("{2150E333-8FDC-42A3-9474-1A3956D46DE8}") = "src", "src", "{D4FDA9F9-4987-4CA2-BD02-B1D6B4978A5C}"
EndProject
Project("{FAE04EC0-301F-11D3-BF4B-00C04F79EFBC}") = "AuctionService", "src\AuctionService\AuctionService.csproj", "{E4F3DFF8-A001-47C3-956E-4B743FC06050}"
EndProject
Project("{FAE04EC0-301F-11D3-BF4B-00C04F79EFBC}") = "SearchService", "src\SearchService\SearchService.csproj", "{24E24568-C7AE-4B69-B178-B25260E3DAE0}"
EndProject
Project("{FAE04EC0-301F-11D3-BF4B-00C04F79EFBC}") = "Contracts", "src\Contracts\Contracts.csproj", "{35A43651-A49B-4893-9E9C-2B498647313C}"
EndProject
Project("{FAE04EC0-301F-11D3-BF4B-00C04F79EFBC}") = "IdentityService", "src\IdentityService\IdentityService.csproj", "{D117FA1F-BDAC-4172-A3E9-9BF952A00CE6}"
EndProject
Project("{FAE04EC0-301F-11D3-BF4B-00C04F79EFBC}") = "GatewayService", "src\GatewayService\GatewayService.csproj", "{4782C14F-C57F-464D-9E72-3A5CE8F40875}"
EndProject
Project("{FAE04EC0-301F-11D3-BF4B-00C04F79EFBC}") = "BiddingService", "src\BiddingService\BiddingService.csproj", "{84504409-D01C-4F6D-B045-550EDC187687}"
EndProject
Project("{FAE04EC0-301F-11D3-BF4B-00C04F79EFBC}") = "NotificationService", "src\NotificationService\NotificationService.csproj", "{AC760859-6F10-4FA2-9188-341B62E66AC7}"
EndProject
Global
	GlobalSection(SolutionConfigurationPlatforms) = preSolution
		Debug|Any CPU = Debug|Any CPU
		Release|Any CPU = Release|Any CPU
	EndGlobalSection
	GlobalSection(ProjectConfigurationPlatforms) = postSolution
		{E4F3DFF8-A001-47C3-956E-4B743FC06050}.Debug|Any CPU.ActiveCfg = Debug|Any CPU
		{E4F3DFF8-A001-47C3-956E-4B743FC06050}.Debug|Any CPU.Build.0 = Debug|Any CPU
		{E4F3DFF8-A001-47C3-956E-4B743FC06050}.Release|Any CPU.ActiveCfg = Release|Any CPU
		{E4F3DFF8-A001-47C3-956E-4B743FC06050}.Release|Any CPU.Build.0 = Release|Any CPU
		{24E24568-C7AE-4B69-B178-B25260E3DAE0}.Debug|Any CPU.ActiveCfg = Debug|Any CPU
		{24E24568-C7AE-4B69-B178-B25260E3DAE0}.Debug|Any CPU.Build.0 = Debug|Any CPU
		{24E24568-C7AE-4B69-B178-B25260E3DAE0}.Release|Any CPU.ActiveCfg = Release|Any CPU
		{24E24568-C7AE-4B69-B178-B25260E3DAE0}.Release|Any CPU.Build.0 = Release|Any CPU
		{35A43651-A49B-4893-9E9C-2B498647313C}.Debug|Any CPU.ActiveCfg = Debug|Any CPU
		{35A43651-A49B-4893-9E9C-2B498647313C}.Debug|Any CPU.Build.0 = Debug|Any CPU
		{35A43651-A49B-4893-9E9C-2B498647313C}.Release|Any CPU.ActiveCfg = Release|Any CPU
		{35A43651-A49B-4893-9E9C-2B498647313C}.Release|Any CPU.Build.0 = Release|Any CPU
		{D117FA1F-BDAC-4172-A3E9-9BF952A00CE6}.Debug|Any CPU.ActiveCfg = Debug|Any CPU
		{D117FA1F-BDAC-4172-A3E9-9BF952A00CE6}.Debug|Any CPU.Build.0 = Debug|Any CPU
		{D117FA1F-BDAC-4172-A3E9-9BF952A00CE6}.Release|Any CPU.ActiveCfg = Release|Any CPU
		{D117FA1F-BDAC-4172-A3E9-9BF952A00CE6}.Release|Any CPU.Build.0 = Release|Any CPU
		{4782C14F-C57F-464D-9E72-3A5CE8F40875}.Debug|Any CPU.ActiveCfg = Debug|Any CPU
		{4782C14F-C57F-464D-9E72-3A5CE8F40875}.Debug|Any CPU.Build.0 = Debug|Any CPU
		{4782C14F-C57F-464D-9E72-3A5CE8F40875}.Release|Any CPU.ActiveCfg = Release|Any CPU
		{4782C14F-C57F-464D-9E72-3A5CE8F40875}.Release|Any CPU.Build.0 = Release|Any CPU
		{84504409-D01C-4F6D-B045-550EDC187687}.Debug|Any CPU.ActiveCfg = Debug|Any CPU
		{84504409-D01C-4F6D-B045-550EDC187687}.Debug|Any CPU.Build.0 = Debug|Any CPU
		{84504409-D01C-4F6D-B045-550EDC187687}.Release|Any CPU.ActiveCfg = Release|Any CPU
		{84504409-D01C-4F6D-B045-550EDC187687}.Release|Any CPU.Build.0 = Release|Any CPU
		{AC760859-6F10-4FA2-9188-341B62E66AC7}.Debug|Any CPU.ActiveCfg = Debug|Any CPU
		{AC760859-6F10-4FA2-9188-341B62E66AC7}.Debug|Any CPU.Build.0 = Debug|Any CPU
		{AC760859-6F10-4FA2-9188-341B62E66AC7}.Release|Any CPU.ActiveCfg = Release|Any CPU
		{AC760859-6F10-4FA2-9188-341B62E66AC7}.Release|Any CPU.Build.0 = Release|Any CPU
	EndGlobalSection
	GlobalSection(SolutionProperties) = preSolution
		HideSolutionNode = FALSE
	EndGlobalSection
	GlobalSection(NestedProjects) = preSolution
		{E4F3DFF8-A001-47C3-956E-4B743FC06050} = {D4FDA9F9-4987-4CA2-BD02-B1D6B4978A5C}
		{24E24568-C7AE-4B69-B178-B25260E3DAE0} = {D4FDA9F9-4987-4CA2-BD02-B1D6B4978A5C}
		{35A43651-A49B-4893-9E9C-2B498647313C} = {D4FDA9F9-4987-4CA2-BD02-B1D6B4978A5C}
		{D117FA1F-BDAC-4172-A3E9-9BF952A00CE6} = {D4FDA9F9-4987-4CA2-BD02-B1D6B4978A5C}
		{4782C14F-C57F-464D-9E72-3A5CE8F40875} = {D4FDA9F9-4987-4CA2-BD02-B1D6B4978A5C}
		{84504409-D01C-4F6D-B045-550EDC187687} = {D4FDA9F9-4987-4CA2-BD02-B1D6B4978A5C}
		{AC760859-6F10-4FA2-9188-341B62E66AC7} = {D4FDA9F9-4987-4CA2-BD02-B1D6B4978A5C}
	EndGlobalSection
EndGlobal
